{
  "lockfileVersion": 1,
  "configVersion": 1,
  "workspaces": {
    "": {
      "name": "feishu-bitable-webhook",
      "dependencies": {
        "@hono/swagger-ui": "^0.4.0",
        "@hono/zod-openapi": "^0.1.0",
        "hono": "^4.6.0",
        "zod": "^3.23.0",
      },
      "devDependencies": {
        "bun-types": "^1.0.0",
      },
    },
  },
  "packages": {
    "@asteasolutions/zod-to-openapi": ["@asteasolutions/zod-to-openapi@5.5.0", "", { "dependencies": { "openapi3-ts": "^4.1.2" }, "peerDependencies": { "zod": "^3.20.2" } }, "sha512-d5HwrvM6dOKr3XdeF+DmashGvfEc+1oiEfbscugsiwSTrFtuMa7ETpW9sTNnVgn+hJaz+PRxPQUYD7q9/5dUig=="],

    "@hono/swagger-ui": ["@hono/swagger-ui@0.4.1", "", { "peerDependencies": { "hono": "*" } }, "sha512-kPaJatHffeYQ3yVkHo878hCqwfapqx54FczJVJ+eRWt8J4biyVVMIdCAJb6MyA8bcnHUoTmUpPc7OJAV1VTg2g=="],

    "@hono/zod-openapi": ["@hono/zod-openapi@0.1.2", "", { "dependencies": { "@asteasolutions/zod-to-openapi": "^5.5.0", "@hono/zod-validator": "^0.1.8" }, "peerDependencies": { "hono": "*", "zod": "3.*" } }, "sha512-OsrdQl+vBpkQJRdRjA0xGrqZtKnW3wULHQTVh15oqOS07pi3QT4LHe6lAFo8pY0ppkX/h6yqMpv+47O0RTMGYQ=="],

    "@hono/zod-validator": ["@hono/zod-validator@0.1.11", "", { "peerDependencies": { "hono": ">=3.9.0", "zod": "^3.19.1" } }, "sha512-PQXeHUP0+36qpRt8yfeD7N2jbK3ETlGvSN6dMof/HwUC/APRokQRjpXZm4rrlG71Ft0aWE01+Bm4XejqPie5Uw=="],

    "@types/node": ["@types/node@25.0.10", "", { "dependencies": { "undici-types": "~7.16.0" } }, "sha512-zWW5KPngR/yvakJgGOmZ5vTBemDoSqF3AcV/LrO5u5wTWyEAVVh+IT39G4gtyAkh3CtTZs8aX/yRM82OfzHJRg=="],

    "bun-types": ["bun-types@1.3.7", "", { "dependencies": { "@types/node": "*" } }, "sha512-qyschsA03Qz+gou+apt6HNl6HnI+sJJLL4wLDke4iugsE6584CMupOtTY1n+2YC9nGVrEKUlTs99jjRLKgWnjQ=="],

    "hono": ["hono@4.11.7", "", {}, "sha512-l7qMiNee7t82bH3SeyUCt9UF15EVmaBvsppY2zQtrbIhl/yzBTny+YUxsVjSjQ6gaqaeVtZmGocom8TzBlA4Yw=="],

    "openapi3-ts": ["openapi3-ts@4.5.0", "", { "dependencies": { "yaml": "^2.8.0" } }, "sha512-jaL+HgTq2Gj5jRcfdutgRGLosCy/hT8sQf6VOy+P+g36cZOjI1iukdPnijC+4CmeRzg/jEllJUboEic2FhxhtQ=="],

    "undici-types": ["undici-types@7.16.0", "", {}, "sha512-Zz+aZWSj8LE6zoxD+xrjh4VfkIG8Ya6LvYkZqtUQGJPZjYl53ypCaUwWqo7eI0x66KBGeRo+mlBEkMSeSZ38Nw=="],

    "yaml": ["yaml@2.8.2", "", { "bin": { "yaml": "bin.mjs" } }, "sha512-mplynKqc1C2hTVYxd0PU2xQAc22TI1vShAYGksCCfxbn/dFwnHTNi1bvYsBTkhdUNtGIf5xNOg938rrSSYvS9A=="],

    "zod": ["zod@3.25.76", "", {}, "sha512-gzUt/qt81nXsFGKIFcC3YnfEAx5NkunCfnDlvuBSSFS02bcXu4Lmea0AFIUwbLWxWPx3d9p8S5QoaujKcNQxcQ=="],
  }
}
